
Microsoft Visual Studio Solution File, Format Version 12.00
# Visual Studio Version 16
VisualStudioVersion = 16.0.30204.135
MinimumVisualStudioVersion = 10.0.40219.1
Project("{FAE04EC0-301F-11D3-BF4B-00C04F79EFBC}") = "39_user32dll", "39_user32dll.csproj", "{961E83F8-C7AB-4C64-A8C3-1BDC2AE12E4F}"
EndProject
Global
	GlobalSection(SolutionConfigurationPlatforms) = preSolution
		Debug|Any CPU = Debug|Any CPU
		Release|Any CPU = Release|Any CPU
	EndGlobalSection
	GlobalSection(ProjectConfigurationPlatforms) = postSolution
		{961E83F8-C7AB-4C64-A8C3-1BDC2AE12E4F}.Debug|Any CPU.ActiveCfg = Debug|Any CPU
		{961E83F8-C7AB-4C64-A8C3-1BDC2AE12E4F}.Debug|Any CPU.Build.0 = Debug|Any CPU
		{961E83F8-C7AB-4C64-A8C3-1BDC2AE12E4F}.Release|Any CPU.ActiveCfg = Release|Any CPU
		{961E83F8-C7AB-4C64-A8C3-1BDC2AE12E4F}.Release|Any CPU.Build.0 = Release|Any CPU
	EndGlobalSection
	GlobalSection(SolutionProperties) = preSolution
		HideSolutionNode = FALSE
	EndGlobalSection
	GlobalSection(ExtensibilityGlobals) = postSolution
		SolutionGuid = {A92D0799-8899-4C67-91B3-816849F015CE}
	EndGlobalSection
EndGlobal
