
Microsoft Visual Studio Solution File, Format Version 12.00
# Visual Studio Version 16
VisualStudioVersion = 16.0.30204.135
MinimumVisualStudioVersion = 10.0.40219.1
Project("{FAE04EC0-301F-11D3-BF4B-00C04F79EFBC}") = "30_Lambda", "30_Lambda.csproj", "{DC1B938F-C0D4-4E43-B7F7-1F3E7BA5AC14}"
EndProject
Global
	GlobalSection(SolutionConfigurationPlatforms) = preSolution
		Debug|Any CPU = Debug|Any CPU
		Release|Any CPU = Release|Any CPU
	EndGlobalSection
	GlobalSection(ProjectConfigurationPlatforms) = postSolution
		{DC1B938F-C0D4-4E43-B7F7-1F3E7BA5AC14}.Debug|Any CPU.ActiveCfg = Debug|Any CPU
		{DC1B938F-C0D4-4E43-B7F7-1F3E7BA5AC14}.Debug|Any CPU.Build.0 = Debug|Any CPU
		{DC1B938F-C0D4-4E43-B7F7-1F3E7BA5AC14}.Release|Any CPU.ActiveCfg = Release|Any CPU
		{DC1B938F-C0D4-4E43-B7F7-1F3E7BA5AC14}.Release|Any CPU.Build.0 = Release|Any CPU
	EndGlobalSection
	GlobalSection(SolutionProperties) = preSolution
		HideSolutionNode = FALSE
	EndGlobalSection
	GlobalSection(ExtensibilityGlobals) = postSolution
		SolutionGuid = {62740923-3AB7-49CA-B3A5-66BD130F1865}
	EndGlobalSection
EndGlobal
